
Microsoft Visual Studio Solution File, Format Version 12.00
# Visual Studio Version 17
VisualStudioVersion = 17.10.34928.147
MinimumVisualStudioVersion = 10.0.40219.1
Project("{FAE04EC0-301F-11D3-BF4B-00C04F79EFBC}") = "TaskManagement.WebApi", "WebApi\TaskManagement.WebApi.csproj", "{81617200-335D-4234-AAA5-5D64002E55CA}"
EndProject
Project("{FAE04EC0-301F-11D3-BF4B-00C04F79EFBC}") = "TaskManagement.Domain", "TaskManagement.Domain\TaskManagement.Domain.csproj", "{4BC1A6AB-39DB-43E1-9EED-9A6E4A35E6F0}"
EndProject
Project("{FAE04EC0-301F-11D3-BF4B-00C04F79EFBC}") = "TaskManagement.Infrastructure", "TaskManagement.Infrastructure\TaskManagement.Infrastructure.csproj", "{0A93C11B-6256-4524-8360-9D6608BD7989}"
EndProject
Project("{FAE04EC0-301F-11D3-BF4B-00C04F79EFBC}") = "TaskManagement.Application", "TaskManagement.Application\TaskManagement.Application.csproj", "{29856347-0418-4E51-9881-C66FB6CBBCF3}"
EndProject
Global
	GlobalSection(SolutionConfigurationPlatforms) = preSolution
		Debug|Any CPU = Debug|Any CPU
		Release|Any CPU = Release|Any CPU
	EndGlobalSection
	GlobalSection(ProjectConfigurationPlatforms) = postSolution
		{81617200-335D-4234-AAA5-5D64002E55CA}.Debug|Any CPU.ActiveCfg = Debug|Any CPU
		{81617200-335D-4234-AAA5-5D64002E55CA}.Debug|Any CPU.Build.0 = Debug|Any CPU
		{81617200-335D-4234-AAA5-5D64002E55CA}.Release|Any CPU.ActiveCfg = Release|Any CPU
		{81617200-335D-4234-AAA5-5D64002E55CA}.Release|Any CPU.Build.0 = Release|Any CPU
		{4BC1A6AB-39DB-43E1-9EED-9A6E4A35E6F0}.Debug|Any CPU.ActiveCfg = Debug|Any CPU
		{4BC1A6AB-39DB-43E1-9EED-9A6E4A35E6F0}.Debug|Any CPU.Build.0 = Debug|Any CPU
		{4BC1A6AB-39DB-43E1-9EED-9A6E4A35E6F0}.Release|Any CPU.ActiveCfg = Release|Any CPU
		{4BC1A6AB-39DB-43E1-9EED-9A6E4A35E6F0}.Release|Any CPU.Build.0 = Release|Any CPU
		{0A93C11B-6256-4524-8360-9D6608BD7989}.Debug|Any CPU.ActiveCfg = Debug|Any CPU
		{0A93C11B-6256-4524-8360-9D6608BD7989}.Debug|Any CPU.Build.0 = Debug|Any CPU
		{0A93C11B-6256-4524-8360-9D6608BD7989}.Release|Any CPU.ActiveCfg = Release|Any CPU
		{0A93C11B-6256-4524-8360-9D6608BD7989}.Release|Any CPU.Build.0 = Release|Any CPU
		{29856347-0418-4E51-9881-C66FB6CBBCF3}.Debug|Any CPU.ActiveCfg = Debug|Any CPU
		{29856347-0418-4E51-9881-C66FB6CBBCF3}.Debug|Any CPU.Build.0 = Debug|Any CPU
		{29856347-0418-4E51-9881-C66FB6CBBCF3}.Release|Any CPU.ActiveCfg = Release|Any CPU
		{29856347-0418-4E51-9881-C66FB6CBBCF3}.Release|Any CPU.Build.0 = Release|Any CPU
	EndGlobalSection
	GlobalSection(SolutionProperties) = preSolution
		HideSolutionNode = FALSE
	EndGlobalSection
	GlobalSection(ExtensibilityGlobals) = postSolution
		SolutionGuid = {F324192C-5483-499F-A009-C61E6DC5AC3C}
	EndGlobalSection
EndGlobal
